PODS:
  - Bolts (1.1.3)
  - FrameAccessor (1.3.2)
  - GraphKit (1.1.1):
    - FrameAccessor (~> 1.3.2)
    - MKFoundationKit/NSArray (~> 1.2.2)
  - MBProgressHUD (0.9)
  - MGSwipeTableCell (1.2.0)
  - MKFoundationKit/NSArray (1.2.3)
  - Parse (1.4.1):
    - Bolts (~> 1.1.2)
  - SDWebImage (3.7.1):
    - SDWebImage/Core
  - SDWebImage/Core (3.7.1)
  - SWTableViewCell (0.3.4)
  - UICountingLabel (1.0.0)

DEPENDENCIES:
  - GraphKit (~> 1.1.1)
  - MBProgressHUD
  - MGSwipeTableCell (~> 1.2.0)
  - Parse
  - SDWebImage (~> 3.6)
  - SWTableViewCell (~> 0.3)
  - UICountingLabel (~> 1.0.0)

SPEC CHECKSUMS:
  Bolts: 3db0a875235e0c9042b013af13af0f00f79b102c
  FrameAccessor: 5eec95b29b5e9a3afe72a7a2e9ed25b000d3bcc3
  GraphKit: 951cdad6f6fad9f77e06185af3e1c20be349061b
  MBProgressHUD: 2038dbcf3dce73215abed6001657043d53aa79a8
  MGSwipeTableCell: 7e891341216cf91a6250ccde22c4c26b5247bb51
  MKFoundationKit: 4858fe474ee45f988db5ff1e229d700743e71ed8
  Parse: db1a09c832b7509edcc88a65dc07229f5e578c73
  SDWebImage: 116e88633b5b416ea0ca4b334a4ac59cf72dd38d
  SWTableViewCell: 169334f3bd63f2525a070208cc876d17c0f0c9cf
  UICountingLabel: 0a0e9e34bf4690dbd127aaec552d19ed938087a9

COCOAPODS: 0.34.4
