// !$*UTF8*$!
{
	archiveVersion = 1;
	classes = {
	};
	objectVersion = 46;
	objects = {

/* Begin PBXBuildFile section */
		541BF93819ED05C4007307C6 /* CharacterViewController.swift in Sources */ = {isa = PBXBuildFile; fileRef = 541BF93719ED05C4007307C6 /* CharacterViewController.swift */; };
		54682D5719E9D02300CCE795 /* ClassRoster.storyboard in Resources */ = {isa = PBXBuildFile; fileRef = 54682D5619E9D02300CCE795 /* ClassRoster.storyboard */; };
		54682D5919E9D06E00CCE795 /* RosterViewController.swift in Sources */ = {isa = PBXBuildFile; fileRef = 54682D5819E9D06E00CCE795 /* RosterViewController.swift */; };
		54682D5B19E9D45500CCE795 /* ClassHeaderView.xib in Resources */ = {isa = PBXBuildFile; fileRef = 54682D5A19E9D45500CCE795 /* ClassHeaderView.xib */; };
		54682D5F19E9EC2F00CCE795 /* Student.swift in Sources */ = {isa = PBXBuildFile; fileRef = 54682D5E19E9EC2F00CCE795 /* Student.swift */; };
		54682D6119E9EC7D00CCE795 /* StudentTableViewCell.swift in Sources */ = {isa = PBXBuildFile; fileRef = 54682D6019E9EC7D00CCE795 /* StudentTableViewCell.swift */; };
		54682D6719EA450E00CCE795 /* ProfileViewController.swift in Sources */ = {isa = PBXBuildFile; fileRef = 54682D6619EA450E00CCE795 /* ProfileViewController.swift */; };
		54682D6A19EA469700CCE795 /* Protocols.swift in Sources */ = {isa = PBXBuildFile; fileRef = 54682D6919EA469700CCE795 /* Protocols.swift */; };
		54682D6C19EB232C00CCE795 /* ClassroomsViewController.swift in Sources */ = {isa = PBXBuildFile; fileRef = 54682D6B19EB232C00CCE795 /* ClassroomsViewController.swift */; };
		54682D6E19EB27F200CCE795 /* Classroom.swift in Sources */ = {isa = PBXBuildFile; fileRef = 54682D6D19EB27F200CCE795 /* Classroom.swift */; };
		54682D7019EB2FAF00CCE795 /* ClassroomTableViewCell.swift in Sources */ = {isa = PBXBuildFile; fileRef = 54682D6F19EB2FAF00CCE795 /* ClassroomTableViewCell.swift */; };
		549937F519F3B7690026C7E4 /* CharacterTrait.swift in Sources */ = {isa = PBXBuildFile; fileRef = 549937F419F3B7690026C7E4 /* CharacterTrait.swift */; };
		549937F719F64E150026C7E4 /* CharacterTrackingViewController.swift in Sources */ = {isa = PBXBuildFile; fileRef = 549937F619F64E150026C7E4 /* CharacterTrackingViewController.swift */; };
		54B3B0C619EE5BA500BC83B1 /* CharacterView.xib in Resources */ = {isa = PBXBuildFile; fileRef = 54B3B0C519EE5BA500BC83B1 /* CharacterView.xib */; };
		54B3B0C819EE613A00BC83B1 /* CharacterView.swift in Sources */ = {isa = PBXBuildFile; fileRef = 54B3B0C719EE613A00BC83B1 /* CharacterView.swift */; };
		54B3B0CA19EFAD2F00BC83B1 /* CharacterTableViewCell.swift in Sources */ = {isa = PBXBuildFile; fileRef = 54B3B0C919EFAD2F00BC83B1 /* CharacterTableViewCell.swift */; };
		6615BEF119F3065200B7D8EC /* ParseClient.swift in Sources */ = {isa = PBXBuildFile; fileRef = 6615BEF019F3065200B7D8EC /* ParseClient.swift */; };
		6649802719EB37F80050ACB9 /* ParentCalls.storyboard in Resources */ = {isa = PBXBuildFile; fileRef = 6649802619EB37F80050ACB9 /* ParentCalls.storyboard */; };
		6649802919EB38040050ACB9 /* ParentCallsController.swift in Sources */ = {isa = PBXBuildFile; fileRef = 6649802819EB38040050ACB9 /* ParentCallsController.swift */; };
		6649802B19EB38230050ACB9 /* Parent.swift in Sources */ = {isa = PBXBuildFile; fileRef = 6649802A19EB38230050ACB9 /* Parent.swift */; };
		6649802D19EC37230050ACB9 /* Teacher.swift in Sources */ = {isa = PBXBuildFile; fileRef = 6649802C19EC37230050ACB9 /* Teacher.swift */; };
		669ACAA519E75E12004C31ED /* AppDelegate.swift in Sources */ = {isa = PBXBuildFile; fileRef = 669ACAA419E75E12004C31ED /* AppDelegate.swift */; };
		669ACAA719E75E12004C31ED /* LoginViewController.swift in Sources */ = {isa = PBXBuildFile; fileRef = 669ACAA619E75E12004C31ED /* LoginViewController.swift */; };
		669ACAAA19E75E12004C31ED /* Main.storyboard in Resources */ = {isa = PBXBuildFile; fileRef = 669ACAA819E75E12004C31ED /* Main.storyboard */; };
		669ACAAC19E75E12004C31ED /* Images.xcassets in Resources */ = {isa = PBXBuildFile; fileRef = 669ACAAB19E75E12004C31ED /* Images.xcassets */; };
		669ACAAF19E75E12004C31ED /* LaunchScreen.xib in Resources */ = {isa = PBXBuildFile; fileRef = 669ACAAD19E75E12004C31ED /* LaunchScreen.xib */; };
		669ACABB19E75E13004C31ED /* kipp_iosTests.swift in Sources */ = {isa = PBXBuildFile; fileRef = 669ACABA19E75E13004C31ED /* kipp_iosTests.swift */; };
		66D2DE1F19E9B81700661E13 /* AudioToolbox.framework in Frameworks */ = {isa = PBXBuildFile; fileRef = 66D2DE1519E9B81700661E13 /* AudioToolbox.framework */; };
		66D2DE2019E9B81700661E13 /* CFNetwork.framework in Frameworks */ = {isa = PBXBuildFile; fileRef = 66D2DE1619E9B81700661E13 /* CFNetwork.framework */; };
		66D2DE2119E9B81700661E13 /* CoreGraphics.framework in Frameworks */ = {isa = PBXBuildFile; fileRef = 66D2DE1719E9B81700661E13 /* CoreGraphics.framework */; };
		66D2DE2219E9B81700661E13 /* CoreLocation.framework in Frameworks */ = {isa = PBXBuildFile; fileRef = 66D2DE1819E9B81700661E13 /* CoreLocation.framework */; };
		66D2DE2319E9B81700661E13 /* libz.dylib in Frameworks */ = {isa = PBXBuildFile; fileRef = 66D2DE1919E9B81700661E13 /* libz.dylib */; };
		66D2DE2419E9B81700661E13 /* MobileCoreServices.framework in Frameworks */ = {isa = PBXBuildFile; fileRef = 66D2DE1A19E9B81700661E13 /* MobileCoreServices.framework */; };
		66D2DE2519E9B81700661E13 /* QuartzCore.framework in Frameworks */ = {isa = PBXBuildFile; fileRef = 66D2DE1B19E9B81700661E13 /* QuartzCore.framework */; };
		66D2DE2619E9B81700661E13 /* Security.framework in Frameworks */ = {isa = PBXBuildFile; fileRef = 66D2DE1C19E9B81700661E13 /* Security.framework */; };
		66D2DE2719E9B81700661E13 /* StoreKit.framework in Frameworks */ = {isa = PBXBuildFile; fileRef = 66D2DE1D19E9B81700661E13 /* StoreKit.framework */; };
		66D2DE2819E9B81700661E13 /* SystemConfiguration.framework in Frameworks */ = {isa = PBXBuildFile; fileRef = 66D2DE1E19E9B81700661E13 /* SystemConfiguration.framework */; };
		849D0FC651104C3EA3891FEA /* libPods.a in Frameworks */ = {isa = PBXBuildFile; fileRef = C4141796B4DD45A99734D2AC /* libPods.a */; };
		FCA0872A19EE4A0900CF57FD /* TabBarViewController.swift in Sources */ = {isa = PBXBuildFile; fileRef = FCA0872919EE4A0900CF57FD /* TabBarViewController.swift */; };
		FCF1563019F6167B0057617D /* Attendance.storyboard in Resources */ = {isa = PBXBuildFile; fileRef = FCF1562F19F6167B0057617D /* Attendance.storyboard */; };
/* End PBXBuildFile section */

/* Begin PBXContainerItemProxy section */
		669ACAB519E75E13004C31ED /* PBXContainerItemProxy */ = {
			isa = PBXContainerItemProxy;
			containerPortal = 669ACA9719E75E12004C31ED /* Project object */;
			proxyType = 1;
			remoteGlobalIDString = 669ACA9E19E75E12004C31ED;
			remoteInfo = "kipp-ios";
		};
/* End PBXContainerItemProxy section */

/* Begin PBXFileReference section */
		1630089EAA90EB80C652CE1E /* Pods.debug.xcconfig */ = {isa = PBXFileReference; includeInIndex = 1; lastKnownFileType = text.xcconfig; name = Pods.debug.xcconfig; path = "Pods/Target Support Files/Pods/Pods.debug.xcconfig"; sourceTree = "<group>"; };
		541BF93719ED05C4007307C6 /* CharacterViewController.swift */ = {isa = PBXFileReference; fileEncoding = 4; lastKnownFileType = sourcecode.swift; path = CharacterViewController.swift; sourceTree = "<group>"; };
		54682D5619E9D02300CCE795 /* ClassRoster.storyboard */ = {isa = PBXFileReference; fileEncoding = 4; lastKnownFileType = file.storyboard; path = ClassRoster.storyboard; sourceTree = "<group>"; };
		54682D5819E9D06E00CCE795 /* RosterViewController.swift */ = {isa = PBXFileReference; fileEncoding = 4; lastKnownFileType = sourcecode.swift; path = RosterViewController.swift; sourceTree = "<group>"; };
		54682D5A19E9D45500CCE795 /* ClassHeaderView.xib */ = {isa = PBXFileReference; fileEncoding = 4; lastKnownFileType = file.xib; path = ClassHeaderView.xib; sourceTree = "<group>"; };
		54682D5E19E9EC2F00CCE795 /* Student.swift */ = {isa = PBXFileReference; fileEncoding = 4; lastKnownFileType = sourcecode.swift; path = Student.swift; sourceTree = "<group>"; };
		54682D6019E9EC7D00CCE795 /* StudentTableViewCell.swift */ = {isa = PBXFileReference; fileEncoding = 4; lastKnownFileType = sourcecode.swift; path = StudentTableViewCell.swift; sourceTree = "<group>"; };
		54682D6619EA450E00CCE795 /* ProfileViewController.swift */ = {isa = PBXFileReference; fileEncoding = 4; lastKnownFileType = sourcecode.swift; path = ProfileViewController.swift; sourceTree = "<group>"; };
		54682D6919EA469700CCE795 /* Protocols.swift */ = {isa = PBXFileReference; fileEncoding = 4; lastKnownFileType = sourcecode.swift; path = Protocols.swift; sourceTree = "<group>"; };
		54682D6B19EB232C00CCE795 /* ClassroomsViewController.swift */ = {isa = PBXFileReference; fileEncoding = 4; lastKnownFileType = sourcecode.swift; path = ClassroomsViewController.swift; sourceTree = "<group>"; };
		54682D6D19EB27F200CCE795 /* Classroom.swift */ = {isa = PBXFileReference; fileEncoding = 4; lastKnownFileType = sourcecode.swift; path = Classroom.swift; sourceTree = "<group>"; };
		54682D6F19EB2FAF00CCE795 /* ClassroomTableViewCell.swift */ = {isa = PBXFileReference; fileEncoding = 4; lastKnownFileType = sourcecode.swift; path = ClassroomTableViewCell.swift; sourceTree = "<group>"; };
		549937F419F3B7690026C7E4 /* CharacterTrait.swift */ = {isa = PBXFileReference; fileEncoding = 4; lastKnownFileType = sourcecode.swift; path = CharacterTrait.swift; sourceTree = "<group>"; };
		549937F619F64E150026C7E4 /* CharacterTrackingViewController.swift */ = {isa = PBXFileReference; fileEncoding = 4; lastKnownFileType = sourcecode.swift; path = CharacterTrackingViewController.swift; sourceTree = "<group>"; };
		54B3B0C519EE5BA500BC83B1 /* CharacterView.xib */ = {isa = PBXFileReference; fileEncoding = 4; lastKnownFileType = file.xib; path = CharacterView.xib; sourceTree = "<group>"; };
		54B3B0C719EE613A00BC83B1 /* CharacterView.swift */ = {isa = PBXFileReference; fileEncoding = 4; lastKnownFileType = sourcecode.swift; path = CharacterView.swift; sourceTree = "<group>"; };
		54B3B0C919EFAD2F00BC83B1 /* CharacterTableViewCell.swift */ = {isa = PBXFileReference; fileEncoding = 4; lastKnownFileType = sourcecode.swift; path = CharacterTableViewCell.swift; sourceTree = "<group>"; };
		6615BEF019F3065200B7D8EC /* ParseClient.swift */ = {isa = PBXFileReference; fileEncoding = 4; lastKnownFileType = sourcecode.swift; path = ParseClient.swift; sourceTree = "<group>"; };
		6649802619EB37F80050ACB9 /* ParentCalls.storyboard */ = {isa = PBXFileReference; fileEncoding = 4; lastKnownFileType = file.storyboard; path = ParentCalls.storyboard; sourceTree = "<group>"; };
		6649802819EB38040050ACB9 /* ParentCallsController.swift */ = {isa = PBXFileReference; fileEncoding = 4; lastKnownFileType = sourcecode.swift; path = ParentCallsController.swift; sourceTree = "<group>"; };
		6649802A19EB38230050ACB9 /* Parent.swift */ = {isa = PBXFileReference; fileEncoding = 4; lastKnownFileType = sourcecode.swift; path = Parent.swift; sourceTree = "<group>"; };
		6649802C19EC37230050ACB9 /* Teacher.swift */ = {isa = PBXFileReference; fileEncoding = 4; lastKnownFileType = sourcecode.swift; path = Teacher.swift; sourceTree = "<group>"; };
		669ACA9F19E75E12004C31ED /* kipp-ios.app */ = {isa = PBXFileReference; explicitFileType = wrapper.application; includeInIndex = 0; path = "kipp-ios.app"; sourceTree = BUILT_PRODUCTS_DIR; };
		669ACAA319E75E12004C31ED /* Info.plist */ = {isa = PBXFileReference; lastKnownFileType = text.plist.xml; path = Info.plist; sourceTree = "<group>"; };
		669ACAA419E75E12004C31ED /* AppDelegate.swift */ = {isa = PBXFileReference; lastKnownFileType = sourcecode.swift; path = AppDelegate.swift; sourceTree = "<group>"; };
		669ACAA619E75E12004C31ED /* LoginViewController.swift */ = {isa = PBXFileReference; lastKnownFileType = sourcecode.swift; path = LoginViewController.swift; sourceTree = "<group>"; };
		669ACAA919E75E12004C31ED /* Base */ = {isa = PBXFileReference; lastKnownFileType = file.storyboard; name = Base; path = Base.lproj/Main.storyboard; sourceTree = "<group>"; };
		669ACAAB19E75E12004C31ED /* Images.xcassets */ = {isa = PBXFileReference; lastKnownFileType = folder.assetcatalog; path = Images.xcassets; sourceTree = "<group>"; };
		669ACAAE19E75E12004C31ED /* Base */ = {isa = PBXFileReference; lastKnownFileType = file.xib; name = Base; path = Base.lproj/LaunchScreen.xib; sourceTree = "<group>"; };
		669ACAB419E75E13004C31ED /* kipp-iosTests.xctest */ = {isa = PBXFileReference; explicitFileType = wrapper.cfbundle; includeInIndex = 0; path = "kipp-iosTests.xctest"; sourceTree = BUILT_PRODUCTS_DIR; };
		669ACAB919E75E13004C31ED /* Info.plist */ = {isa = PBXFileReference; lastKnownFileType = text.plist.xml; path = Info.plist; sourceTree = "<group>"; };
		669ACABA19E75E13004C31ED /* kipp_iosTests.swift */ = {isa = PBXFileReference; lastKnownFileType = sourcecode.swift; path = kipp_iosTests.swift; sourceTree = "<group>"; };
		66D2DE1519E9B81700661E13 /* AudioToolbox.framework */ = {isa = PBXFileReference; lastKnownFileType = wrapper.framework; name = AudioToolbox.framework; path = System/Library/Frameworks/AudioToolbox.framework; sourceTree = SDKROOT; };
		66D2DE1619E9B81700661E13 /* CFNetwork.framework */ = {isa = PBXFileReference; lastKnownFileType = wrapper.framework; name = CFNetwork.framework; path = System/Library/Frameworks/CFNetwork.framework; sourceTree = SDKROOT; };
		66D2DE1719E9B81700661E13 /* CoreGraphics.framework */ = {isa = PBXFileReference; lastKnownFileType = wrapper.framework; name = CoreGraphics.framework; path = System/Library/Frameworks/CoreGraphics.framework; sourceTree = SDKROOT; };
		66D2DE1819E9B81700661E13 /* CoreLocation.framework */ = {isa = PBXFileReference; lastKnownFileType = wrapper.framework; name = CoreLocation.framework; path = System/Library/Frameworks/CoreLocation.framework; sourceTree = SDKROOT; };
		66D2DE1919E9B81700661E13 /* libz.dylib */ = {isa = PBXFileReference; lastKnownFileType = "compiled.mach-o.dylib"; name = libz.dylib; path = usr/lib/libz.dylib; sourceTree = SDKROOT; };
		66D2DE1A19E9B81700661E13 /* MobileCoreServices.framework */ = {isa = PBXFileReference; lastKnownFileType = wrapper.framework; name = MobileCoreServices.framework; path = System/Library/Frameworks/MobileCoreServices.framework; sourceTree = SDKROOT; };
		66D2DE1B19E9B81700661E13 /* QuartzCore.framework */ = {isa = PBXFileReference; lastKnownFileType = wrapper.framework; name = QuartzCore.framework; path = System/Library/Frameworks/QuartzCore.framework; sourceTree = SDKROOT; };
		66D2DE1C19E9B81700661E13 /* Security.framework */ = {isa = PBXFileReference; lastKnownFileType = wrapper.framework; name = Security.framework; path = System/Library/Frameworks/Security.framework; sourceTree = SDKROOT; };
		66D2DE1D19E9B81700661E13 /* StoreKit.framework */ = {isa = PBXFileReference; lastKnownFileType = wrapper.framework; name = StoreKit.framework; path = System/Library/Frameworks/StoreKit.framework; sourceTree = SDKROOT; };
		66D2DE1E19E9B81700661E13 /* SystemConfiguration.framework */ = {isa = PBXFileReference; lastKnownFileType = wrapper.framework; name = SystemConfiguration.framework; path = System/Library/Frameworks/SystemConfiguration.framework; sourceTree = SDKROOT; };
		66D2DE2919E9B85000661E13 /* kipp-ios-Bridging-Header.h */ = {isa = PBXFileReference; lastKnownFileType = sourcecode.c.h; path = "kipp-ios-Bridging-Header.h"; sourceTree = "<group>"; };
		A14388D02D42951654246507 /* Pods.release.xcconfig */ = {isa = PBXFileReference; includeInIndex = 1; lastKnownFileType = text.xcconfig; name = Pods.release.xcconfig; path = "Pods/Target Support Files/Pods/Pods.release.xcconfig"; sourceTree = "<group>"; };
		C4141796B4DD45A99734D2AC /* libPods.a */ = {isa = PBXFileReference; explicitFileType = archive.ar; includeInIndex = 0; path = libPods.a; sourceTree = BUILT_PRODUCTS_DIR; };
		FCA0872919EE4A0900CF57FD /* TabBarViewController.swift */ = {isa = PBXFileReference; fileEncoding = 4; lastKnownFileType = sourcecode.swift; name = TabBarViewController.swift; path = lib/controllers/TabBarViewController.swift; sourceTree = "<group>"; };
		FCF1562F19F6167B0057617D /* Attendance.storyboard */ = {isa = PBXFileReference; fileEncoding = 4; lastKnownFileType = file.storyboard; name = Attendance.storyboard; path = ../Attendance.storyboard; sourceTree = "<group>"; };
/* End PBXFileReference section */

/* Begin PBXFrameworksBuildPhase section */
		669ACA9C19E75E12004C31ED /* Frameworks */ = {
			isa = PBXFrameworksBuildPhase;
			buildActionMask = 2147483647;
			files = (
				66D2DE1F19E9B81700661E13 /* AudioToolbox.framework in Frameworks */,
				66D2DE2019E9B81700661E13 /* CFNetwork.framework in Frameworks */,
				66D2DE2119E9B81700661E13 /* CoreGraphics.framework in Frameworks */,
				66D2DE2219E9B81700661E13 /* CoreLocation.framework in Frameworks */,
				66D2DE2319E9B81700661E13 /* libz.dylib in Frameworks */,
				66D2DE2419E9B81700661E13 /* MobileCoreServices.framework in Frameworks */,
				66D2DE2519E9B81700661E13 /* QuartzCore.framework in Frameworks */,
				66D2DE2619E9B81700661E13 /* Security.framework in Frameworks */,
				66D2DE2719E9B81700661E13 /* StoreKit.framework in Frameworks */,
				66D2DE2819E9B81700661E13 /* SystemConfiguration.framework in Frameworks */,
				849D0FC651104C3EA3891FEA /* libPods.a in Frameworks */,
			);
			runOnlyForDeploymentPostprocessing = 0;
		};
		669ACAB119E75E13004C31ED /* Frameworks */ = {
			isa = PBXFrameworksBuildPhase;
			buildActionMask = 2147483647;
			files = (
			);
			runOnlyForDeploymentPostprocessing = 0;
		};
/* End PBXFrameworksBuildPhase section */

/* Begin PBXGroup section */
		4AD70DD43A2E170A2B8EC46B /* Pods */ = {
			isa = PBXGroup;
			children = (
				1630089EAA90EB80C652CE1E /* Pods.debug.xcconfig */,
				A14388D02D42951654246507 /* Pods.release.xcconfig */,
			);
			name = Pods;
			sourceTree = "<group>";
		};
		54682D5C19E9EC0800CCE795 /* Models */ = {
			isa = PBXGroup;
			children = (
				549937F419F3B7690026C7E4 /* CharacterTrait.swift */,
				6615BEF019F3065200B7D8EC /* ParseClient.swift */,
				6649802A19EB38230050ACB9 /* Parent.swift */,
				6649802C19EC37230050ACB9 /* Teacher.swift */,
				54682D5E19E9EC2F00CCE795 /* Student.swift */,
				54682D6D19EB27F200CCE795 /* Classroom.swift */,
			);
			name = Models;
			sourceTree = "<group>";
		};
		54682D5D19E9EC1000CCE795 /* View Controllers */ = {
			isa = PBXGroup;
			children = (
				669ACAA619E75E12004C31ED /* LoginViewController.swift */,
				54682D6B19EB232C00CCE795 /* ClassroomsViewController.swift */,
				6649802819EB38040050ACB9 /* ParentCallsController.swift */,
				54682D5819E9D06E00CCE795 /* RosterViewController.swift */,
				54682D6619EA450E00CCE795 /* ProfileViewController.swift */,
				541BF93719ED05C4007307C6 /* CharacterViewController.swift */,
				549937F619F64E150026C7E4 /* CharacterTrackingViewController.swift */,
				FCA0872919EE4A0900CF57FD /* TabBarViewController.swift */,
			);
			name = "View Controllers";
			sourceTree = "<group>";
		};
		54682D6219E9EC8F00CCE795 /* Storyboards */ = {
			isa = PBXGroup;
			children = (
				FCF1562F19F6167B0057617D /* Attendance.storyboard */,
				54682D5619E9D02300CCE795 /* ClassRoster.storyboard */,
				6649802619EB37F80050ACB9 /* ParentCalls.storyboard */,
				669ACAA819E75E12004C31ED /* Main.storyboard */,
			);
			name = Storyboards;
			sourceTree = "<group>";
		};
		54682D6519EA3FCF00CCE795 /* Views */ = {
			isa = PBXGroup;
			children = (
				54682D6019E9EC7D00CCE795 /* StudentTableViewCell.swift */,
				54682D6F19EB2FAF00CCE795 /* ClassroomTableViewCell.swift */,
				54B3B0C519EE5BA500BC83B1 /* CharacterView.xib */,
				54B3B0C719EE613A00BC83B1 /* CharacterView.swift */,
				54B3B0C919EFAD2F00BC83B1 /* CharacterTableViewCell.swift */,
			);
			name = Views;
			sourceTree = "<group>";
		};
		669ACA9619E75E12004C31ED = {
			isa = PBXGroup;
			children = (
				669ACAA119E75E12004C31ED /* kipp-ios */,
				669ACAB719E75E13004C31ED /* kipp-iosTests */,
				669ACAA019E75E12004C31ED /* Products */,
				6E19F020322F4F04B39D44D9 /* Frameworks */,
				66D2DE2919E9B85000661E13 /* kipp-ios-Bridging-Header.h */,
				4AD70DD43A2E170A2B8EC46B /* Pods */,
			);
			sourceTree = "<group>";
		};
		669ACAA019E75E12004C31ED /* Products */ = {
			isa = PBXGroup;
			children = (
				669ACA9F19E75E12004C31ED /* kipp-ios.app */,
				669ACAB419E75E13004C31ED /* kipp-iosTests.xctest */,
			);
			name = Products;
			sourceTree = "<group>";
		};
		669ACAA119E75E12004C31ED /* kipp-ios */ = {
			isa = PBXGroup;
			children = (
				54682D6519EA3FCF00CCE795 /* Views */,
				54682D6219E9EC8F00CCE795 /* Storyboards */,
				54682D5D19E9EC1000CCE795 /* View Controllers */,
				54682D5C19E9EC0800CCE795 /* Models */,
				669ACAA419E75E12004C31ED /* AppDelegate.swift */,
				669ACAAB19E75E12004C31ED /* Images.xcassets */,
				669ACAAD19E75E12004C31ED /* LaunchScreen.xib */,
				669ACAA219E75E12004C31ED /* Supporting Files */,
				54682D5A19E9D45500CCE795 /* ClassHeaderView.xib */,
				54682D6919EA469700CCE795 /* Protocols.swift */,
			);
			path = "kipp-ios";
			sourceTree = "<group>";
		};
		669ACAA219E75E12004C31ED /* Supporting Files */ = {
			isa = PBXGroup;
			children = (
				669ACAA319E75E12004C31ED /* Info.plist */,
			);
			name = "Supporting Files";
			sourceTree = "<group>";
		};
		669ACAB719E75E13004C31ED /* kipp-iosTests */ = {
			isa = PBXGroup;
			children = (
				669ACABA19E75E13004C31ED /* kipp_iosTests.swift */,
				669ACAB819E75E13004C31ED /* Supporting Files */,
			);
			path = "kipp-iosTests";
			sourceTree = "<group>";
		};
		669ACAB819E75E13004C31ED /* Supporting Files */ = {
			isa = PBXGroup;
			children = (
				669ACAB919E75E13004C31ED /* Info.plist */,
			);
			name = "Supporting Files";
			sourceTree = "<group>";
		};
		6E19F020322F4F04B39D44D9 /* Frameworks */ = {
			isa = PBXGroup;
			children = (
				66D2DE1519E9B81700661E13 /* AudioToolbox.framework */,
				66D2DE1619E9B81700661E13 /* CFNetwork.framework */,
				66D2DE1719E9B81700661E13 /* CoreGraphics.framework */,
				66D2DE1819E9B81700661E13 /* CoreLocation.framework */,
				66D2DE1919E9B81700661E13 /* libz.dylib */,
				66D2DE1A19E9B81700661E13 /* MobileCoreServices.framework */,
				66D2DE1B19E9B81700661E13 /* QuartzCore.framework */,
				66D2DE1C19E9B81700661E13 /* Security.framework */,
				66D2DE1D19E9B81700661E13 /* StoreKit.framework */,
				66D2DE1E19E9B81700661E13 /* SystemConfiguration.framework */,
				C4141796B4DD45A99734D2AC /* libPods.a */,
			);
			name = Frameworks;
			sourceTree = "<group>";
		};
/* End PBXGroup section */

/* Begin PBXNativeTarget section */
		669ACA9E19E75E12004C31ED /* kipp-ios */ = {
			isa = PBXNativeTarget;
			buildConfigurationList = 669ACABE19E75E13004C31ED /* Build configuration list for PBXNativeTarget "kipp-ios" */;
			buildPhases = (
				BA2EDB1CFAA94D49AB82A698 /* Check Pods Manifest.lock */,
				669ACA9B19E75E12004C31ED /* Sources */,
				669ACA9C19E75E12004C31ED /* Frameworks */,
				669ACA9D19E75E12004C31ED /* Resources */,
				A35285454F244372B4D807D2 /* Copy Pods Resources */,
			);
			buildRules = (
			);
			dependencies = (
			);
			name = "kipp-ios";
			productName = "kipp-ios";
			productReference = 669ACA9F19E75E12004C31ED /* kipp-ios.app */;
			productType = "com.apple.product-type.application";
		};
		669ACAB319E75E13004C31ED /* kipp-iosTests */ = {
			isa = PBXNativeTarget;
			buildConfigurationList = 669ACAC119E75E13004C31ED /* Build configuration list for PBXNativeTarget "kipp-iosTests" */;
			buildPhases = (
				669ACAB019E75E13004C31ED /* Sources */,
				669ACAB119E75E13004C31ED /* Frameworks */,
				669ACAB219E75E13004C31ED /* Resources */,
			);
			buildRules = (
			);
			dependencies = (
				669ACAB619E75E13004C31ED /* PBXTargetDependency */,
			);
			name = "kipp-iosTests";
			productName = "kipp-iosTests";
			productReference = 669ACAB419E75E13004C31ED /* kipp-iosTests.xctest */;
			productType = "com.apple.product-type.bundle.unit-test";
		};
/* End PBXNativeTarget section */

/* Begin PBXProject section */
		669ACA9719E75E12004C31ED /* Project object */ = {
			isa = PBXProject;
			attributes = {
				LastUpgradeCheck = 0600;
				ORGANIZATIONNAME = vjkaruna;
				TargetAttributes = {
					669ACA9E19E75E12004C31ED = {
						CreatedOnToolsVersion = 6.0;
						DevelopmentTeam = W547A4H69V;
					};
					669ACAB319E75E13004C31ED = {
						CreatedOnToolsVersion = 6.0;
						TestTargetID = 669ACA9E19E75E12004C31ED;
					};
				};
			};
			buildConfigurationList = 669ACA9A19E75E12004C31ED /* Build configuration list for PBXProject "kipp-ios" */;
			compatibilityVersion = "Xcode 3.2";
			developmentRegion = English;
			hasScannedForEncodings = 0;
			knownRegions = (
				en,
				Base,
			);
			mainGroup = 669ACA9619E75E12004C31ED;
			productRefGroup = 669ACAA019E75E12004C31ED /* Products */;
			projectDirPath = "";
			projectRoot = "";
			targets = (
				669ACA9E19E75E12004C31ED /* kipp-ios */,
				669ACAB319E75E13004C31ED /* kipp-iosTests */,
			);
		};
/* End PBXProject section */

/* Begin PBXResourcesBuildPhase section */
		669ACA9D19E75E12004C31ED /* Resources */ = {
			isa = PBXResourcesBuildPhase;
			buildActionMask = 2147483647;
			files = (
				54B3B0C619EE5BA500BC83B1 /* CharacterView.xib in Resources */,
				669ACAAA19E75E12004C31ED /* Main.storyboard in Resources */,
				54682D5B19E9D45500CCE795 /* ClassHeaderView.xib in Resources */,
				FCF1563019F6167B0057617D /* Attendance.storyboard in Resources */,
				669ACAAF19E75E12004C31ED /* LaunchScreen.xib in Resources */,
				54682D5719E9D02300CCE795 /* ClassRoster.storyboard in Resources */,
				6649802719EB37F80050ACB9 /* ParentCalls.storyboard in Resources */,
				669ACAAC19E75E12004C31ED /* Images.xcassets in Resources */,
			);
			runOnlyForDeploymentPostprocessing = 0;
		};
		669ACAB219E75E13004C31ED /* Resources */ = {
			isa = PBXResourcesBuildPhase;
			buildActionMask = 2147483647;
			files = (
			);
			runOnlyForDeploymentPostprocessing = 0;
		};
/* End PBXResourcesBuildPhase section */

/* Begin PBXShellScriptBuildPhase section */
		A35285454F244372B4D807D2 /* Copy Pods Resources */ = {
			isa = PBXShellScriptBuildPhase;
			buildActionMask = 2147483647;
			files = (
			);
			inputPaths = (
			);
			name = "Copy Pods Resources";
			outputPaths = (
			);
			runOnlyForDeploymentPostprocessing = 0;
			shellPath = /bin/sh;
			shellScript = "\"${SRCROOT}/Pods/Target Support Files/Pods/Pods-resources.sh\"\n";
			showEnvVarsInLog = 0;
		};
		BA2EDB1CFAA94D49AB82A698 /* Check Pods Manifest.lock */ = {
			isa = PBXShellScriptBuildPhase;
			buildActionMask = 2147483647;
			files = (
			);
			inputPaths = (
			);
			name = "Check Pods Manifest.lock";
			outputPaths = (
			);
			runOnlyForDeploymentPostprocessing = 0;
			shellPath = /bin/sh;
			shellScript = "diff \"${PODS_ROOT}/../Podfile.lock\" \"${PODS_ROOT}/Manifest.lock\" > /dev/null\nif [[ $? != 0 ]] ; then\n    cat << EOM\nerror: The sandbox is not in sync with the Podfile.lock. Run 'pod install' or update your CocoaPods installation.\nEOM\n    exit 1\nfi\n";
			showEnvVarsInLog = 0;
		};
/* End PBXShellScriptBuildPhase section */

/* Begin PBXSourcesBuildPhase section */
		669ACA9B19E75E12004C31ED /* Sources */ = {
			isa = PBXSourcesBuildPhase;
			buildActionMask = 2147483647;
			files = (
				FCA0872A19EE4A0900CF57FD /* TabBarViewController.swift in Sources */,
				669ACAA719E75E12004C31ED /* LoginViewController.swift in Sources */,
				54682D6C19EB232C00CCE795 /* ClassroomsViewController.swift in Sources */,
				549937F719F64E150026C7E4 /* CharacterTrackingViewController.swift in Sources */,
				549937F519F3B7690026C7E4 /* CharacterTrait.swift in Sources */,
				54682D6119E9EC7D00CCE795 /* StudentTableViewCell.swift in Sources */,
				54B3B0C819EE613A00BC83B1 /* CharacterView.swift in Sources */,
				6649802B19EB38230050ACB9 /* Parent.swift in Sources */,
				669ACAA519E75E12004C31ED /* AppDelegate.swift in Sources */,
				6615BEF119F3065200B7D8EC /* ParseClient.swift in Sources */,
				54682D5919E9D06E00CCE795 /* RosterViewController.swift in Sources */,
				541BF93819ED05C4007307C6 /* CharacterViewController.swift in Sources */,
				54682D6E19EB27F200CCE795 /* Classroom.swift in Sources */,
				54682D7019EB2FAF00CCE795 /* ClassroomTableViewCell.swift in Sources */,
				54B3B0CA19EFAD2F00BC83B1 /* CharacterTableViewCell.swift in Sources */,
				54682D6719EA450E00CCE795 /* ProfileViewController.swift in Sources */,
				54682D5F19E9EC2F00CCE795 /* Student.swift in Sources */,
				54682D6A19EA469700CCE795 /* Protocols.swift in Sources */,
				6649802D19EC37230050ACB9 /* Teacher.swift in Sources */,
				6649802919EB38040050ACB9 /* ParentCallsController.swift in Sources */,
			);
			runOnlyForDeploymentPostprocessing = 0;
		};
		669ACAB019E75E13004C31ED /* Sources */ = {
			isa = PBXSourcesBuildPhase;
			buildActionMask = 2147483647;
			files = (
				669ACABB19E75E13004C31ED /* kipp_iosTests.swift in Sources */,
			);
			runOnlyForDeploymentPostprocessing = 0;
		};
/* End PBXSourcesBuildPhase section */

/* Begin PBXTargetDependency section */
		669ACAB619E75E13004C31ED /* PBXTargetDependency */ = {
			isa = PBXTargetDependency;
			target = 669ACA9E19E75E12004C31ED /* kipp-ios */;
			targetProxy = 669ACAB519E75E13004C31ED /* PBXContainerItemProxy */;
		};
/* End PBXTargetDependency section */

/* Begin PBXVariantGroup section */
		669ACAA819E75E12004C31ED /* Main.storyboard */ = {
			isa = PBXVariantGroup;
			children = (
				669ACAA919E75E12004C31ED /* Base */,
			);
			name = Main.storyboard;
			sourceTree = "<group>";
		};
		669ACAAD19E75E12004C31ED /* LaunchScreen.xib */ = {
			isa = PBXVariantGroup;
			children = (
				669ACAAE19E75E12004C31ED /* Base */,
			);
			name = LaunchScreen.xib;
			sourceTree = "<group>";
		};
/* End PBXVariantGroup section */

/* Begin XCBuildConfiguration section */
		669ACABC19E75E13004C31ED /* Debug */ = {
			isa = XCBuildConfiguration;
			buildSettings = {
				ALWAYS_SEARCH_USER_PATHS = NO;
				CLANG_CXX_LANGUAGE_STANDARD = "gnu++0x";
				CLANG_CXX_LIBRARY = "libc++";
				CLANG_ENABLE_MODULES = YES;
				CLANG_ENABLE_OBJC_ARC = YES;
				CLANG_WARN_BOOL_CONVERSION = YES;
				CLANG_WARN_CONSTANT_CONVERSION = YES;
				CLANG_WARN_DIRECT_OBJC_ISA_USAGE = YES_ERROR;
				CLANG_WARN_EMPTY_BODY = YES;
				CLANG_WARN_ENUM_CONVERSION = YES;
				CLANG_WARN_INT_CONVERSION = YES;
				CLANG_WARN_OBJC_ROOT_CLASS = YES_ERROR;
				CLANG_WARN_UNREACHABLE_CODE = YES;
				CLANG_WARN__DUPLICATE_METHOD_MATCH = YES;
				"CODE_SIGN_IDENTITY[sdk=iphoneos*]" = "iPhone Developer";
				COPY_PHASE_STRIP = NO;
				ENABLE_STRICT_OBJC_MSGSEND = YES;
				GCC_C_LANGUAGE_STANDARD = gnu99;
				GCC_DYNAMIC_NO_PIC = NO;
				GCC_OPTIMIZATION_LEVEL = 0;
				GCC_PREPROCESSOR_DEFINITIONS = (
					"DEBUG=1",
					"$(inherited)",
				);
				GCC_SYMBOLS_PRIVATE_EXTERN = NO;
				GCC_WARN_64_TO_32_BIT_CONVERSION = YES;
				GCC_WARN_ABOUT_RETURN_TYPE = YES_ERROR;
				GCC_WARN_UNDECLARED_SELECTOR = YES;
				GCC_WARN_UNINITIALIZED_AUTOS = YES_AGGRESSIVE;
				GCC_WARN_UNUSED_FUNCTION = YES;
				GCC_WARN_UNUSED_VARIABLE = YES;
				IPHONEOS_DEPLOYMENT_TARGET = 8.0;
				MTL_ENABLE_DEBUG_INFO = YES;
				ONLY_ACTIVE_ARCH = YES;
				SDKROOT = iphoneos;
				SWIFT_OPTIMIZATION_LEVEL = "-Onone";
			};
			name = Debug;
		};
		669ACABD19E75E13004C31ED /* Release */ = {
			isa = XCBuildConfiguration;
			buildSettings = {
				ALWAYS_SEARCH_USER_PATHS = NO;
				CLANG_CXX_LANGUAGE_STANDARD = "gnu++0x";
				CLANG_CXX_LIBRARY = "libc++";
				CLANG_ENABLE_MODULES = YES;
				CLANG_ENABLE_OBJC_ARC = YES;
				CLANG_WARN_BOOL_CONVERSION = YES;
				CLANG_WARN_CONSTANT_CONVERSION = YES;
				CLANG_WARN_DIRECT_OBJC_ISA_USAGE = YES_ERROR;
				CLANG_WARN_EMPTY_BODY = YES;
				CLANG_WARN_ENUM_CONVERSION = YES;
				CLANG_WARN_INT_CONVERSION = YES;
				CLANG_WARN_OBJC_ROOT_CLASS = YES_ERROR;
				CLANG_WARN_UNREACHABLE_CODE = YES;
				CLANG_WARN__DUPLICATE_METHOD_MATCH = YES;
				"CODE_SIGN_IDENTITY[sdk=iphoneos*]" = "iPhone Developer";
				COPY_PHASE_STRIP = YES;
				ENABLE_NS_ASSERTIONS = NO;
				ENABLE_STRICT_OBJC_MSGSEND = YES;
				GCC_C_LANGUAGE_STANDARD = gnu99;
				GCC_WARN_64_TO_32_BIT_CONVERSION = YES;
				GCC_WARN_ABOUT_RETURN_TYPE = YES_ERROR;
				GCC_WARN_UNDECLARED_SELECTOR = YES;
				GCC_WARN_UNINITIALIZED_AUTOS = YES_AGGRESSIVE;
				GCC_WARN_UNUSED_FUNCTION = YES;
				GCC_WARN_UNUSED_VARIABLE = YES;
				IPHONEOS_DEPLOYMENT_TARGET = 8.0;
				MTL_ENABLE_DEBUG_INFO = NO;
				SDKROOT = iphoneos;
				VALIDATE_PRODUCT = YES;
			};
			name = Release;
		};
		669ACABF19E75E13004C31ED /* Debug */ = {
			isa = XCBuildConfiguration;
			baseConfigurationReference = 1630089EAA90EB80C652CE1E /* Pods.debug.xcconfig */;
			buildSettings = {
				ASSETCATALOG_COMPILER_APPICON_NAME = AppIcon;
				CLANG_ENABLE_MODULES = YES;
				INFOPLIST_FILE = "kipp-ios/Info.plist";
				LD_RUNPATH_SEARCH_PATHS = "$(inherited) @executable_path/Frameworks";
				LIBRARY_SEARCH_PATHS = (
					"$(inherited)",
					"$(PROJECT_DIR)/Bolts.framework",
					"$(PROJECT_DIR)/Bolts.framework/Versions/A",
					"$(PROJECT_DIR)/Parse.framework",
					"$(PROJECT_DIR)/Parse.framework/Versions/A",
				);
				PRODUCT_NAME = "$(TARGET_NAME)";
				SWIFT_OBJC_BRIDGING_HEADER = "kipp-ios-Bridging-Header.h";
				SWIFT_OPTIMIZATION_LEVEL = "-Onone";
			};
			name = Debug;
		};
		669ACAC019E75E13004C31ED /* Release */ = {
			isa = XCBuildConfiguration;
			baseConfigurationReference = A14388D02D42951654246507 /* Pods.release.xcconfig */;
			buildSettings = {
				ASSETCATALOG_COMPILER_APPICON_NAME = AppIcon;
				CLANG_ENABLE_MODULES = YES;
				INFOPLIST_FILE = "kipp-ios/Info.plist";
				LD_RUNPATH_SEARCH_PATHS = "$(inherited) @executable_path/Frameworks";
				LIBRARY_SEARCH_PATHS = (
					"$(inherited)",
					"$(PROJECT_DIR)/Bolts.framework",
					"$(PROJECT_DIR)/Bolts.framework/Versions/A",
					"$(PROJECT_DIR)/Parse.framework",
					"$(PROJECT_DIR)/Parse.framework/Versions/A",
				);
				PRODUCT_NAME = "$(TARGET_NAME)";
				SWIFT_OBJC_BRIDGING_HEADER = "kipp-ios-Bridging-Header.h";
			};
			name = Release;
		};
		669ACAC219E75E13004C31ED /* Debug */ = {
			isa = XCBuildConfiguration;
			buildSettings = {
				BUNDLE_LOADER = "$(TEST_HOST)";
				FRAMEWORK_SEARCH_PATHS = (
					"$(SDKROOT)/Developer/Library/Frameworks",
					"$(inherited)",
				);
				GCC_PREPROCESSOR_DEFINITIONS = (
					"DEBUG=1",
					"$(inherited)",
				);
				INFOPLIST_FILE = "kipp-iosTests/Info.plist";
				LD_RUNPATH_SEARCH_PATHS = "$(inherited) @executable_path/Frameworks @loader_path/Frameworks";
				PRODUCT_NAME = "$(TARGET_NAME)";
				TEST_HOST = "$(BUILT_PRODUCTS_DIR)/kipp-ios.app/kipp-ios";
			};
			name = Debug;
		};
		669ACAC319E75E13004C31ED /* Release */ = {
			isa = XCBuildConfiguration;
			buildSettings = {
				BUNDLE_LOADER = "$(TEST_HOST)";
				FRAMEWORK_SEARCH_PATHS = (
					"$(SDKROOT)/Developer/Library/Frameworks",
					"$(inherited)",
				);
				INFOPLIST_FILE = "kipp-iosTests/Info.plist";
				LD_RUNPATH_SEARCH_PATHS = "$(inherited) @executable_path/Frameworks @loader_path/Frameworks";
				PRODUCT_NAME = "$(TARGET_NAME)";
				TEST_HOST = "$(BUILT_PRODUCTS_DIR)/kipp-ios.app/kipp-ios";
			};
			name = Release;
		};
/* End XCBuildConfiguration section */

/* Begin XCConfigurationList section */
		669ACA9A19E75E12004C31ED /* Build configuration list for PBXProject "kipp-ios" */ = {
			isa = XCConfigurationList;
			buildConfigurations = (
				669ACABC19E75E13004C31ED /* Debug */,
				669ACABD19E75E13004C31ED /* Release */,
			);
			defaultConfigurationIsVisible = 0;
			defaultConfigurationName = Release;
		};
		669ACABE19E75E13004C31ED /* Build configuration list for PBXNativeTarget "kipp-ios" */ = {
			isa = XCConfigurationList;
			buildConfigurations = (
				669ACABF19E75E13004C31ED /* Debug */,
				669ACAC019E75E13004C31ED /* Release */,
			);
			defaultConfigurationIsVisible = 0;
			defaultConfigurationName = Release;
		};
		669ACAC119E75E13004C31ED /* Build configuration list for PBXNativeTarget "kipp-iosTests" */ = {
			isa = XCConfigurationList;
			buildConfigurations = (
				669ACAC219E75E13004C31ED /* Debug */,
				669ACAC319E75E13004C31ED /* Release */,
			);
			defaultConfigurationIsVisible = 0;
			defaultConfigurationName = Release;
		};
/* End XCConfigurationList section */
	};
	rootObject = 669ACA9719E75E12004C31ED /* Project object */;
}
